
Microsoft Visual Studio Solution File, Format Version 12.00
# Visual Studio Version 16
VisualStudioVersion = 16.0.29709.97
MinimumVisualStudioVersion = 10.0.40219.1
Project("{9A19103F-16F7-4668-BE54-9A1E7A4F7556}") = "Legal", "Legal\Legal.csproj", "{8C3B8B32-22DA-402F-A6D0-31D0A81CED82}"
EndProject
Project("{FAE04EC0-301F-11D3-BF4B-00C04F79EFBC}") = "LegalData", "LegalData\LegalData.csproj", "{7A469176-1996-4BAE-B985-F6544608AF42}"
EndProject
Global
	GlobalSection(SolutionConfigurationPlatforms) = preSolution
		Debug|Any CPU = Debug|Any CPU
		Release|Any CPU = Release|Any CPU
	EndGlobalSection
	GlobalSection(ProjectConfigurationPlatforms) = postSolution
		{8C3B8B32-22DA-402F-A6D0-31D0A81CED82}.Debug|Any CPU.ActiveCfg = Debug|Any CPU
		{8C3B8B32-22DA-402F-A6D0-31D0A81CED82}.Debug|Any CPU.Build.0 = Debug|Any CPU
		{8C3B8B32-22DA-402F-A6D0-31D0A81CED82}.Release|Any CPU.ActiveCfg = Release|Any CPU
		{8C3B8B32-22DA-402F-A6D0-31D0A81CED82}.Release|Any CPU.Build.0 = Release|Any CPU
		{7A469176-1996-4BAE-B985-F6544608AF42}.Debug|Any CPU.ActiveCfg = Debug|Any CPU
		{7A469176-1996-4BAE-B985-F6544608AF42}.Debug|Any CPU.Build.0 = Debug|Any CPU
		{7A469176-1996-4BAE-B985-F6544608AF42}.Release|Any CPU.ActiveCfg = Release|Any CPU
		{7A469176-1996-4BAE-B985-F6544608AF42}.Release|Any CPU.Build.0 = Release|Any CPU
	EndGlobalSection
	GlobalSection(SolutionProperties) = preSolution
		HideSolutionNode = FALSE
	EndGlobalSection
	GlobalSection(ExtensibilityGlobals) = postSolution
		SolutionGuid = {9C34968C-804B-43FB-B0D0-6EC7F99E59F4}
	EndGlobalSection
EndGlobal
